
Microsoft Visual Studio Solution File, Format Version 12.00
# Visual Studio 15
VisualStudioVersion = 15.0.27130.2036
MinimumVisualStudioVersion = 10.0.40219.1
Project("{9A19103F-16F7-4668-BE54-9A1E7A4F7556}") = "DistanceBetweenTwoGeoPoints", "DistanceBetweenTwoGeoPoints\DistanceBetweenTwoGeoPoints.csproj", "{062271FD-CD5C-4E20-8ED2-C5CE26F73D05}"
EndProject
Project("{FAE04EC0-301F-11D3-BF4B-00C04F79EFBC}") = "Tests", "Tests\Tests.csproj", "{65BB41C0-5E30-4E83-9A67-5BDAAABBE247}"
EndProject
Project("{2150E333-8FDC-42A3-9474-1A3956D46DE8}") = "Solution Items", "Solution Items", "{AF1EEF60-99E9-4230-84E2-667254094892}"
	ProjectSection(SolutionItems) = preProject
		Readme.md = Readme.md
	EndProjectSection
EndProject
Global
	GlobalSection(SolutionConfigurationPlatforms) = preSolution
		Debug|Any CPU = Debug|Any CPU
		Release|Any CPU = Release|Any CPU
	EndGlobalSection
	GlobalSection(ProjectConfigurationPlatforms) = postSolution
		{062271FD-CD5C-4E20-8ED2-C5CE26F73D05}.Debug|Any CPU.ActiveCfg = Debug|Any CPU
		{062271FD-CD5C-4E20-8ED2-C5CE26F73D05}.Debug|Any CPU.Build.0 = Debug|Any CPU
		{062271FD-CD5C-4E20-8ED2-C5CE26F73D05}.Release|Any CPU.ActiveCfg = Release|Any CPU
		{062271FD-CD5C-4E20-8ED2-C5CE26F73D05}.Release|Any CPU.Build.0 = Release|Any CPU
		{65BB41C0-5E30-4E83-9A67-5BDAAABBE247}.Debug|Any CPU.ActiveCfg = Debug|Any CPU
		{65BB41C0-5E30-4E83-9A67-5BDAAABBE247}.Debug|Any CPU.Build.0 = Debug|Any CPU
		{65BB41C0-5E30-4E83-9A67-5BDAAABBE247}.Release|Any CPU.ActiveCfg = Release|Any CPU
		{65BB41C0-5E30-4E83-9A67-5BDAAABBE247}.Release|Any CPU.Build.0 = Release|Any CPU
	EndGlobalSection
	GlobalSection(SolutionProperties) = preSolution
		HideSolutionNode = FALSE
	EndGlobalSection
	GlobalSection(ExtensibilityGlobals) = postSolution
		SolutionGuid = {86166A93-CFDB-481B-BD3C-42A056B26C92}
	EndGlobalSection
EndGlobal
